// !$*UTF8*$!
{
	archiveVersion = 1;
	classes = {
	};
	objectVersion = 50;
	objects = {

/* Begin PBXBuildFile section */
		CC220E7A2440F4E300F2FC88 /* Follower.swift in Sources */ = {isa = PBXBuildFile; fileRef = CC220E792440F4E300F2FC88 /* Follower.swift */; };
		CC220E7C2440F5C700F2FC88 /* User.swift in Sources */ = {isa = PBXBuildFile; fileRef = CC220E7B2440F5C700F2FC88 /* User.swift */; };
		CC485ACF243A37F300C3D0D4 /* AppDelegate.swift in Sources */ = {isa = PBXBuildFile; fileRef = CC485ACE243A37F300C3D0D4 /* AppDelegate.swift */; };
		CC485AD1243A37F300C3D0D4 /* SceneDelegate.swift in Sources */ = {isa = PBXBuildFile; fileRef = CC485AD0243A37F300C3D0D4 /* SceneDelegate.swift */; };
		CC485AD8243A37F400C3D0D4 /* Assets.xcassets in Resources */ = {isa = PBXBuildFile; fileRef = CC485AD7243A37F400C3D0D4 /* Assets.xcassets */; };
		CC485ADB243A37F400C3D0D4 /* LaunchScreen.storyboard in Resources */ = {isa = PBXBuildFile; fileRef = CC485AD9243A37F400C3D0D4 /* LaunchScreen.storyboard */; };
		CC485AE3243A3EEF00C3D0D4 /* SearchViewController.swift in Sources */ = {isa = PBXBuildFile; fileRef = CC485AE2243A3EEF00C3D0D4 /* SearchViewController.swift */; };
		CC485AE5243A3F2500C3D0D4 /* FavoritesListViewController.swift in Sources */ = {isa = PBXBuildFile; fileRef = CC485AE4243A3F2500C3D0D4 /* FavoritesListViewController.swift */; };
		CC485AE7243A5AC600C3D0D4 /* GFButton.swift in Sources */ = {isa = PBXBuildFile; fileRef = CC485AE6243A5AC600C3D0D4 /* GFButton.swift */; };
		CC485AE9243A5C5600C3D0D4 /* GFTextField.swift in Sources */ = {isa = PBXBuildFile; fileRef = CC485AE8243A5C5600C3D0D4 /* GFTextField.swift */; };
		CC4BE317244371E60098205A /* UIHelper.swift in Sources */ = {isa = PBXBuildFile; fileRef = CC4BE316244371E60098205A /* UIHelper.swift */; };
		CC6E9CE024411791003FF796 /* NetworkManager.swift in Sources */ = {isa = PBXBuildFile; fileRef = CC6E9CDF24411791003FF796 /* NetworkManager.swift */; };
		CC8BC867243C97DA00157CC9 /* GFTitleLabel.swift in Sources */ = {isa = PBXBuildFile; fileRef = CC8BC866243C97DA00157CC9 /* GFTitleLabel.swift */; };
		CC8BC869243C9A1500157CC9 /* GFBodyLabel.swift in Sources */ = {isa = PBXBuildFile; fileRef = CC8BC868243C9A1500157CC9 /* GFBodyLabel.swift */; };
		CC8BC86B243CB67E00157CC9 /* AlertViewController.swift in Sources */ = {isa = PBXBuildFile; fileRef = CC8BC86A243CB67E00157CC9 /* AlertViewController.swift */; };
		CC8BC86D243CCED400157CC9 /* UIViewController+Extension.swift in Sources */ = {isa = PBXBuildFile; fileRef = CC8BC86C243CCED400157CC9 /* UIViewController+Extension.swift */; };
		CCA8FDFE2444B4EB009D1258 /* GFEmptyStateView.swift in Sources */ = {isa = PBXBuildFile; fileRef = CCA8FDFD2444B4EB009D1258 /* GFEmptyStateView.swift */; };
		CCF51227243B915C002FC15F /* FollowersListViewController.swift in Sources */ = {isa = PBXBuildFile; fileRef = CCF51226243B915C002FC15F /* FollowersListViewController.swift */; };
		CCFEDA7E244239F500D4947B /* GFError.swift in Sources */ = {isa = PBXBuildFile; fileRef = CCFEDA7D244239F500D4947B /* GFError.swift */; };
		CCFEDA812442462100D4947B /* FollowerCollectionViewCell.swift in Sources */ = {isa = PBXBuildFile; fileRef = CCFEDA802442462100D4947B /* FollowerCollectionViewCell.swift */; };
		CCFEDA8324424DC900D4947B /* GFAvatarImageView.swift in Sources */ = {isa = PBXBuildFile; fileRef = CCFEDA8224424DC900D4947B /* GFAvatarImageView.swift */; };
/* End PBXBuildFile section */

/* Begin PBXFileReference section */
		CC220E792440F4E300F2FC88 /* Follower.swift */ = {isa = PBXFileReference; lastKnownFileType = sourcecode.swift; path = Follower.swift; sourceTree = "<group>"; };
		CC220E7B2440F5C700F2FC88 /* User.swift */ = {isa = PBXFileReference; lastKnownFileType = sourcecode.swift; path = User.swift; sourceTree = "<group>"; };
		CC485ACB243A37F300C3D0D4 /* Github Followers.app */ = {isa = PBXFileReference; explicitFileType = wrapper.application; includeInIndex = 0; path = "Github Followers.app"; sourceTree = BUILT_PRODUCTS_DIR; };
		CC485ACE243A37F300C3D0D4 /* AppDelegate.swift */ = {isa = PBXFileReference; lastKnownFileType = sourcecode.swift; path = AppDelegate.swift; sourceTree = "<group>"; };
		CC485AD0243A37F300C3D0D4 /* SceneDelegate.swift */ = {isa = PBXFileReference; lastKnownFileType = sourcecode.swift; path = SceneDelegate.swift; sourceTree = "<group>"; };
		CC485AD7243A37F400C3D0D4 /* Assets.xcassets */ = {isa = PBXFileReference; lastKnownFileType = folder.assetcatalog; path = Assets.xcassets; sourceTree = "<group>"; };
		CC485ADA243A37F400C3D0D4 /* Base */ = {isa = PBXFileReference; lastKnownFileType = file.storyboard; name = Base; path = Base.lproj/LaunchScreen.storyboard; sourceTree = "<group>"; };
		CC485ADC243A37F400C3D0D4 /* Info.plist */ = {isa = PBXFileReference; lastKnownFileType = text.plist.xml; path = Info.plist; sourceTree = "<group>"; };
		CC485AE2243A3EEF00C3D0D4 /* SearchViewController.swift */ = {isa = PBXFileReference; lastKnownFileType = sourcecode.swift; path = SearchViewController.swift; sourceTree = "<group>"; };
		CC485AE4243A3F2500C3D0D4 /* FavoritesListViewController.swift */ = {isa = PBXFileReference; lastKnownFileType = sourcecode.swift; path = FavoritesListViewController.swift; sourceTree = "<group>"; };
		CC485AE6243A5AC600C3D0D4 /* GFButton.swift */ = {isa = PBXFileReference; lastKnownFileType = sourcecode.swift; path = GFButton.swift; sourceTree = "<group>"; };
		CC485AE8243A5C5600C3D0D4 /* GFTextField.swift */ = {isa = PBXFileReference; lastKnownFileType = sourcecode.swift; path = GFTextField.swift; sourceTree = "<group>"; };
		CC4BE316244371E60098205A /* UIHelper.swift */ = {isa = PBXFileReference; lastKnownFileType = sourcecode.swift; path = UIHelper.swift; sourceTree = "<group>"; };
		CC6E9CDF24411791003FF796 /* NetworkManager.swift */ = {isa = PBXFileReference; lastKnownFileType = sourcecode.swift; path = NetworkManager.swift; sourceTree = "<group>"; };
		CC8BC866243C97DA00157CC9 /* GFTitleLabel.swift */ = {isa = PBXFileReference; lastKnownFileType = sourcecode.swift; path = GFTitleLabel.swift; sourceTree = "<group>"; };
		CC8BC868243C9A1500157CC9 /* GFBodyLabel.swift */ = {isa = PBXFileReference; lastKnownFileType = sourcecode.swift; path = GFBodyLabel.swift; sourceTree = "<group>"; };
		CC8BC86A243CB67E00157CC9 /* AlertViewController.swift */ = {isa = PBXFileReference; lastKnownFileType = sourcecode.swift; path = AlertViewController.swift; sourceTree = "<group>"; };
		CC8BC86C243CCED400157CC9 /* UIViewController+Extension.swift */ = {isa = PBXFileReference; lastKnownFileType = sourcecode.swift; path = "UIViewController+Extension.swift"; sourceTree = "<group>"; };
		CCA8FDFD2444B4EB009D1258 /* GFEmptyStateView.swift */ = {isa = PBXFileReference; lastKnownFileType = sourcecode.swift; path = GFEmptyStateView.swift; sourceTree = "<group>"; };
		CCF51226243B915C002FC15F /* FollowersListViewController.swift */ = {isa = PBXFileReference; lastKnownFileType = sourcecode.swift; path = FollowersListViewController.swift; sourceTree = "<group>"; };
		CCFEDA7D244239F500D4947B /* GFError.swift */ = {isa = PBXFileReference; lastKnownFileType = sourcecode.swift; path = GFError.swift; sourceTree = "<group>"; };
		CCFEDA802442462100D4947B /* FollowerCollectionViewCell.swift */ = {isa = PBXFileReference; lastKnownFileType = sourcecode.swift; path = FollowerCollectionViewCell.swift; sourceTree = "<group>"; };
		CCFEDA8224424DC900D4947B /* GFAvatarImageView.swift */ = {isa = PBXFileReference; lastKnownFileType = sourcecode.swift; path = GFAvatarImageView.swift; sourceTree = "<group>"; };
/* End PBXFileReference section */

/* Begin PBXFrameworksBuildPhase section */
		CC485AC8243A37F300C3D0D4 /* Frameworks */ = {
			isa = PBXFrameworksBuildPhase;
			buildActionMask = 2147483647;
			files = (
			);
			runOnlyForDeploymentPostprocessing = 0;
		};
/* End PBXFrameworksBuildPhase section */

/* Begin PBXGroup section */
		CC220E782440F4D300F2FC88 /* Model */ = {
			isa = PBXGroup;
			children = (
				CC220E792440F4E300F2FC88 /* Follower.swift */,
				CC220E7B2440F5C700F2FC88 /* User.swift */,
			);
			path = Model;
			sourceTree = "<group>";
		};
		CC485AC2243A37F300C3D0D4 = {
			isa = PBXGroup;
			children = (
				CC485ACD243A37F300C3D0D4 /* Github Followers */,
				CC485ACC243A37F300C3D0D4 /* Products */,
			);
			sourceTree = "<group>";
		};
		CC485ACC243A37F300C3D0D4 /* Products */ = {
			isa = PBXGroup;
			children = (
				CC485ACB243A37F300C3D0D4 /* Github Followers.app */,
			);
			name = Products;
			sourceTree = "<group>";
		};
		CC485ACD243A37F300C3D0D4 /* Github Followers */ = {
			isa = PBXGroup;
			children = (
				CCFEDA7C244239DA00D4947B /* Utilities */,
				CC6E9CDE24411780003FF796 /* Managers */,
				CC220E782440F4D300F2FC88 /* Model */,
				CC8BC871243CDB9300157CC9 /* Support */,
				CC8BC870243CDB5400157CC9 /* Extensions */,
				CC8BC86F243CDB2C00157CC9 /* Custom Views */,
				CC8BC86E243CDAE700157CC9 /* ViewControllers */,
				CC485ADC243A37F400C3D0D4 /* Info.plist */,
			);
			path = "Github Followers";
			sourceTree = "<group>";
		};
		CC6E9CDE24411780003FF796 /* Managers */ = {
			isa = PBXGroup;
			children = (
				CC6E9CDF24411791003FF796 /* NetworkManager.swift */,
			);
			path = Managers;
			sourceTree = "<group>";
		};
		CC8BC86E243CDAE700157CC9 /* ViewControllers */ = {
			isa = PBXGroup;
			children = (
				CC8BC86A243CB67E00157CC9 /* AlertViewController.swift */,
				CC485AE2243A3EEF00C3D0D4 /* SearchViewController.swift */,
				CC485AE4243A3F2500C3D0D4 /* FavoritesListViewController.swift */,
				CCF51226243B915C002FC15F /* FollowersListViewController.swift */,
			);
			path = ViewControllers;
			sourceTree = "<group>";
		};
		CC8BC86F243CDB2C00157CC9 /* Custom Views */ = {
			isa = PBXGroup;
			children = (
				CCA8FDFC2444B4C0009D1258 /* Views */,
				CCA8FDFB2444B4B0009D1258 /* Images */,
				CCA8FDFA2444B496009D1258 /* Labels */,
				CCA8FDF92444B489009D1258 /* TextFields */,
				CCA8FDF82444B480009D1258 /* Buttons */,
				CCFEDA7F244245E000D4947B /* Cells */,
			);
			path = "Custom Views";
			sourceTree = "<group>";
		};
		CC8BC870243CDB5400157CC9 /* Extensions */ = {
			isa = PBXGroup;
			children = (
				CC8BC86C243CCED400157CC9 /* UIViewController+Extension.swift */,
			);
			path = Extensions;
			sourceTree = "<group>";
		};
		CC8BC871243CDB9300157CC9 /* Support */ = {
			isa = PBXGroup;
			children = (
				CC485ACE243A37F300C3D0D4 /* AppDelegate.swift */,
				CC485AD0243A37F300C3D0D4 /* SceneDelegate.swift */,
				CC485AD7243A37F400C3D0D4 /* Assets.xcassets */,
				CC485AD9243A37F400C3D0D4 /* LaunchScreen.storyboard */,
			);
			path = Support;
			sourceTree = "<group>";
		};
		CCA8FDF82444B480009D1258 /* Buttons */ = {
			isa = PBXGroup;
			children = (
				CC485AE6243A5AC600C3D0D4 /* GFButton.swift */,
			);
			path = Buttons;
			sourceTree = "<group>";
		};
		CCA8FDF92444B489009D1258 /* TextFields */ = {
			isa = PBXGroup;
			children = (
				CC485AE8243A5C5600C3D0D4 /* GFTextField.swift */,
			);
			path = TextFields;
			sourceTree = "<group>";
		};
		CCA8FDFA2444B496009D1258 /* Labels */ = {
			isa = PBXGroup;
			children = (
				CC8BC866243C97DA00157CC9 /* GFTitleLabel.swift */,
				CC8BC868243C9A1500157CC9 /* GFBodyLabel.swift */,
			);
			path = Labels;
			sourceTree = "<group>";
		};
		CCA8FDFB2444B4B0009D1258 /* Images */ = {
			isa = PBXGroup;
			children = (
				CCFEDA8224424DC900D4947B /* GFAvatarImageView.swift */,
			);
			path = Images;
			sourceTree = "<group>";
		};
		CCA8FDFC2444B4C0009D1258 /* Views */ = {
			isa = PBXGroup;
			children = (
				CCA8FDFD2444B4EB009D1258 /* GFEmptyStateView.swift */,
			);
			path = Views;
			sourceTree = "<group>";
		};
		CCFEDA7C244239DA00D4947B /* Utilities */ = {
			isa = PBXGroup;
			children = (
				CCFEDA7D244239F500D4947B /* GFError.swift */,
				CC4BE316244371E60098205A /* UIHelper.swift */,
			);
			path = Utilities;
			sourceTree = "<group>";
		};
		CCFEDA7F244245E000D4947B /* Cells */ = {
			isa = PBXGroup;
			children = (
				CCFEDA802442462100D4947B /* FollowerCollectionViewCell.swift */,
			);
			path = Cells;
			sourceTree = "<group>";
		};
/* End PBXGroup section */

/* Begin PBXNativeTarget section */
		CC485ACA243A37F300C3D0D4 /* Github Followers */ = {
			isa = PBXNativeTarget;
			buildConfigurationList = CC485ADF243A37F400C3D0D4 /* Build configuration list for PBXNativeTarget "Github Followers" */;
			buildPhases = (
				CC485AC7243A37F300C3D0D4 /* Sources */,
				CC485AC8243A37F300C3D0D4 /* Frameworks */,
				CC485AC9243A37F300C3D0D4 /* Resources */,
			);
			buildRules = (
			);
			dependencies = (
			);
			name = "Github Followers";
			productName = "Github Followers";
			productReference = CC485ACB243A37F300C3D0D4 /* Github Followers.app */;
			productType = "com.apple.product-type.application";
		};
/* End PBXNativeTarget section */

/* Begin PBXProject section */
		CC485AC3243A37F300C3D0D4 /* Project object */ = {
			isa = PBXProject;
			attributes = {
				LastSwiftUpdateCheck = 1140;
				LastUpgradeCheck = 1140;
				ORGANIZATIONNAME = alvarogjacome;
				TargetAttributes = {
					CC485ACA243A37F300C3D0D4 = {
						CreatedOnToolsVersion = 11.4;
					};
				};
			};
			buildConfigurationList = CC485AC6243A37F300C3D0D4 /* Build configuration list for PBXProject "Github Followers" */;
			compatibilityVersion = "Xcode 9.3";
			developmentRegion = en;
			hasScannedForEncodings = 0;
			knownRegions = (
				en,
				Base,
			);
			mainGroup = CC485AC2243A37F300C3D0D4;
			productRefGroup = CC485ACC243A37F300C3D0D4 /* Products */;
			projectDirPath = "";
			projectRoot = "";
			targets = (
				CC485ACA243A37F300C3D0D4 /* Github Followers */,
			);
		};
/* End PBXProject section */

/* Begin PBXResourcesBuildPhase section */
		CC485AC9243A37F300C3D0D4 /* Resources */ = {
			isa = PBXResourcesBuildPhase;
			buildActionMask = 2147483647;
			files = (
				CC485ADB243A37F400C3D0D4 /* LaunchScreen.storyboard in Resources */,
				CC485AD8243A37F400C3D0D4 /* Assets.xcassets in Resources */,
			);
			runOnlyForDeploymentPostprocessing = 0;
		};
/* End PBXResourcesBuildPhase section */

/* Begin PBXSourcesBuildPhase section */
		CC485AC7243A37F300C3D0D4 /* Sources */ = {
			isa = PBXSourcesBuildPhase;
			buildActionMask = 2147483647;
			files = (
				CC220E7C2440F5C700F2FC88 /* User.swift in Sources */,
				CC8BC86B243CB67E00157CC9 /* AlertViewController.swift in Sources */,
				CC8BC86D243CCED400157CC9 /* UIViewController+Extension.swift in Sources */,
				CC485AE9243A5C5600C3D0D4 /* GFTextField.swift in Sources */,
				CC485ACF243A37F300C3D0D4 /* AppDelegate.swift in Sources */,
				CC4BE317244371E60098205A /* UIHelper.swift in Sources */,
				CCFEDA8324424DC900D4947B /* GFAvatarImageView.swift in Sources */,
				CC485AE7243A5AC600C3D0D4 /* GFButton.swift in Sources */,
				CCF51227243B915C002FC15F /* FollowersListViewController.swift in Sources */,
				CC8BC869243C9A1500157CC9 /* GFBodyLabel.swift in Sources */,
				CCFEDA812442462100D4947B /* FollowerCollectionViewCell.swift in Sources */,
				CC220E7A2440F4E300F2FC88 /* Follower.swift in Sources */,
				CC8BC867243C97DA00157CC9 /* GFTitleLabel.swift in Sources */,
				CC6E9CE024411791003FF796 /* NetworkManager.swift in Sources */,
				CCA8FDFE2444B4EB009D1258 /* GFEmptyStateView.swift in Sources */,
				CCFEDA7E244239F500D4947B /* GFError.swift in Sources */,
				CC485AD1243A37F300C3D0D4 /* SceneDelegate.swift in Sources */,
				CC485AE5243A3F2500C3D0D4 /* FavoritesListViewController.swift in Sources */,
				CC485AE3243A3EEF00C3D0D4 /* SearchViewController.swift in Sources */,
			);
			runOnlyForDeploymentPostprocessing = 0;
		};
/* End PBXSourcesBuildPhase section */

/* Begin PBXVariantGroup section */
		CC485AD9243A37F400C3D0D4 /* LaunchScreen.storyboard */ = {
			isa = PBXVariantGroup;
			children = (
				CC485ADA243A37F400C3D0D4 /* Base */,
			);
			name = LaunchScreen.storyboard;
			sourceTree = "<group>";
		};
/* End PBXVariantGroup section */

/* Begin XCBuildConfiguration section */
		CC485ADD243A37F400C3D0D4 /* Debug */ = {
			isa = XCBuildConfiguration;
			buildSettings = {
				ALWAYS_SEARCH_USER_PATHS = NO;
				CLANG_ANALYZER_NONNULL = YES;
				CLANG_ANALYZER_NUMBER_OBJECT_CONVERSION = YES_AGGRESSIVE;
				CLANG_CXX_LANGUAGE_STANDARD = "gnu++14";
				CLANG_CXX_LIBRARY = "libc++";
				CLANG_ENABLE_MODULES = YES;
				CLANG_ENABLE_OBJC_ARC = YES;
				CLANG_ENABLE_OBJC_WEAK = YES;
				CLANG_WARN_BLOCK_CAPTURE_AUTORELEASING = YES;
				CLANG_WARN_BOOL_CONVERSION = YES;
				CLANG_WARN_COMMA = YES;
				CLANG_WARN_CONSTANT_CONVERSION = YES;
				CLANG_WARN_DEPRECATED_OBJC_IMPLEMENTATIONS = YES;
				CLANG_WARN_DIRECT_OBJC_ISA_USAGE = YES_ERROR;
				CLANG_WARN_DOCUMENTATION_COMMENTS = YES;
				CLANG_WARN_EMPTY_BODY = YES;
				CLANG_WARN_ENUM_CONVERSION = YES;
				CLANG_WARN_INFINITE_RECURSION = YES;
				CLANG_WARN_INT_CONVERSION = YES;
				CLANG_WARN_NON_LITERAL_NULL_CONVERSION = YES;
				CLANG_WARN_OBJC_IMPLICIT_RETAIN_SELF = YES;
				CLANG_WARN_OBJC_LITERAL_CONVERSION = YES;
				CLANG_WARN_OBJC_ROOT_CLASS = YES_ERROR;
				CLANG_WARN_RANGE_LOOP_ANALYSIS = YES;
				CLANG_WARN_STRICT_PROTOTYPES = YES;
				CLANG_WARN_SUSPICIOUS_MOVE = YES;
				CLANG_WARN_UNGUARDED_AVAILABILITY = YES_AGGRESSIVE;
				CLANG_WARN_UNREACHABLE_CODE = YES;
				CLANG_WARN__DUPLICATE_METHOD_MATCH = YES;
				COPY_PHASE_STRIP = NO;
				DEBUG_INFORMATION_FORMAT = dwarf;
				ENABLE_STRICT_OBJC_MSGSEND = YES;
				ENABLE_TESTABILITY = YES;
				GCC_C_LANGUAGE_STANDARD = gnu11;
				GCC_DYNAMIC_NO_PIC = NO;
				GCC_NO_COMMON_BLOCKS = YES;
				GCC_OPTIMIZATION_LEVEL = 0;
				GCC_PREPROCESSOR_DEFINITIONS = (
					"DEBUG=1",
					"$(inherited)",
				);
				GCC_WARN_64_TO_32_BIT_CONVERSION = YES;
				GCC_WARN_ABOUT_RETURN_TYPE = YES_ERROR;
				GCC_WARN_UNDECLARED_SELECTOR = YES;
				GCC_WARN_UNINITIALIZED_AUTOS = YES_AGGRESSIVE;
				GCC_WARN_UNUSED_FUNCTION = YES;
				GCC_WARN_UNUSED_VARIABLE = YES;
				IPHONEOS_DEPLOYMENT_TARGET = 13.0;
				MTL_ENABLE_DEBUG_INFO = INCLUDE_SOURCE;
				MTL_FAST_MATH = YES;
				ONLY_ACTIVE_ARCH = YES;
				SDKROOT = iphoneos;
				SWIFT_ACTIVE_COMPILATION_CONDITIONS = DEBUG;
				SWIFT_OPTIMIZATION_LEVEL = "-Onone";
			};
			name = Debug;
		};
		CC485ADE243A37F400C3D0D4 /* Release */ = {
			isa = XCBuildConfiguration;
			buildSettings = {
				ALWAYS_SEARCH_USER_PATHS = NO;
				CLANG_ANALYZER_NONNULL = YES;
				CLANG_ANALYZER_NUMBER_OBJECT_CONVERSION = YES_AGGRESSIVE;
				CLANG_CXX_LANGUAGE_STANDARD = "gnu++14";
				CLANG_CXX_LIBRARY = "libc++";
				CLANG_ENABLE_MODULES = YES;
				CLANG_ENABLE_OBJC_ARC = YES;
				CLANG_ENABLE_OBJC_WEAK = YES;
				CLANG_WARN_BLOCK_CAPTURE_AUTORELEASING = YES;
				CLANG_WARN_BOOL_CONVERSION = YES;
				CLANG_WARN_COMMA = YES;
				CLANG_WARN_CONSTANT_CONVERSION = YES;
				CLANG_WARN_DEPRECATED_OBJC_IMPLEMENTATIONS = YES;
				CLANG_WARN_DIRECT_OBJC_ISA_USAGE = YES_ERROR;
				CLANG_WARN_DOCUMENTATION_COMMENTS = YES;
				CLANG_WARN_EMPTY_BODY = YES;
				CLANG_WARN_ENUM_CONVERSION = YES;
				CLANG_WARN_INFINITE_RECURSION = YES;
				CLANG_WARN_INT_CONVERSION = YES;
				CLANG_WARN_NON_LITERAL_NULL_CONVERSION = YES;
				CLANG_WARN_OBJC_IMPLICIT_RETAIN_SELF = YES;
				CLANG_WARN_OBJC_LITERAL_CONVERSION = YES;
				CLANG_WARN_OBJC_ROOT_CLASS = YES_ERROR;
				CLANG_WARN_RANGE_LOOP_ANALYSIS = YES;
				CLANG_WARN_STRICT_PROTOTYPES = YES;
				CLANG_WARN_SUSPICIOUS_MOVE = YES;
				CLANG_WARN_UNGUARDED_AVAILABILITY = YES_AGGRESSIVE;
				CLANG_WARN_UNREACHABLE_CODE = YES;
				CLANG_WARN__DUPLICATE_METHOD_MATCH = YES;
				COPY_PHASE_STRIP = NO;
				DEBUG_INFORMATION_FORMAT = "dwarf-with-dsym";
				ENABLE_NS_ASSERTIONS = NO;
				ENABLE_STRICT_OBJC_MSGSEND = YES;
				GCC_C_LANGUAGE_STANDARD = gnu11;
				GCC_NO_COMMON_BLOCKS = YES;
				GCC_WARN_64_TO_32_BIT_CONVERSION = YES;
				GCC_WARN_ABOUT_RETURN_TYPE = YES_ERROR;
				GCC_WARN_UNDECLARED_SELECTOR = YES;
				GCC_WARN_UNINITIALIZED_AUTOS = YES_AGGRESSIVE;
				GCC_WARN_UNUSED_FUNCTION = YES;
				GCC_WARN_UNUSED_VARIABLE = YES;
				IPHONEOS_DEPLOYMENT_TARGET = 13.0;
				MTL_ENABLE_DEBUG_INFO = NO;
				MTL_FAST_MATH = YES;
				SDKROOT = iphoneos;
				SWIFT_COMPILATION_MODE = wholemodule;
				SWIFT_OPTIMIZATION_LEVEL = "-O";
				VALIDATE_PRODUCT = YES;
			};
			name = Release;
		};
		CC485AE0243A37F400C3D0D4 /* Debug */ = {
			isa = XCBuildConfiguration;
			buildSettings = {
				ASSETCATALOG_COMPILER_APPICON_NAME = AppIcon;
				CODE_SIGN_STYLE = Automatic;
				DEVELOPMENT_TEAM = M9R5VTJGJ5;
				INFOPLIST_FILE = "Github Followers/Info.plist";
				IPHONEOS_DEPLOYMENT_TARGET = 13.0;
				LD_RUNPATH_SEARCH_PATHS = (
					"$(inherited)",
					"@executable_path/Frameworks",
				);
				PRODUCT_BUNDLE_IDENTIFIER = "alvarogjacome.Github-Followers";
				PRODUCT_NAME = "$(TARGET_NAME)";
				SWIFT_VERSION = 5.0;
				TARGETED_DEVICE_FAMILY = "1,2";
			};
			name = Debug;
		};
		CC485AE1243A37F400C3D0D4 /* Release */ = {
			isa = XCBuildConfiguration;
			buildSettings = {
				ASSETCATALOG_COMPILER_APPICON_NAME = AppIcon;
				CODE_SIGN_STYLE = Automatic;
				DEVELOPMENT_TEAM = M9R5VTJGJ5;
				INFOPLIST_FILE = "Github Followers/Info.plist";
				IPHONEOS_DEPLOYMENT_TARGET = 13.0;
				LD_RUNPATH_SEARCH_PATHS = (
					"$(inherited)",
					"@executable_path/Frameworks",
				);
				PRODUCT_BUNDLE_IDENTIFIER = "alvarogjacome.Github-Followers";
				PRODUCT_NAME = "$(TARGET_NAME)";
				SWIFT_VERSION = 5.0;
				TARGETED_DEVICE_FAMILY = "1,2";
			};
			name = Release;
		};
/* End XCBuildConfiguration section */

/* Begin XCConfigurationList section */
		CC485AC6243A37F300C3D0D4 /* Build configuration list for PBXProject "Github Followers" */ = {
			isa = XCConfigurationList;
			buildConfigurations = (
				CC485ADD243A37F400C3D0D4 /* Debug */,
				CC485ADE243A37F400C3D0D4 /* Release */,
			);
			defaultConfigurationIsVisible = 0;
			defaultConfigurationName = Release;
		};
		CC485ADF243A37F400C3D0D4 /* Build configuration list for PBXNativeTarget "Github Followers" */ = {
			isa = XCConfigurationList;
			buildConfigurations = (
				CC485AE0243A37F400C3D0D4 /* Debug */,
				CC485AE1243A37F400C3D0D4 /* Release */,
			);
			defaultConfigurationIsVisible = 0;
			defaultConfigurationName = Release;
		};
/* End XCConfigurationList section */
	};
	rootObject = CC485AC3243A37F300C3D0D4 /* Project object */;
}
